// !$*UTF8*$!
{
	archiveVersion = 1;
	classes = {
	};
	objectVersion = 46;
	objects = {

/* Begin PBXBuildFile section */
		DDF0AD4F2C778F6900E46BC2 /* RTCViewPip.swift in Sources */ = {isa = PBXBuildFile; fileRef = DDF0AD3D2C778F6800E46BC2 /* RTCViewPip.swift */; };
		DDF0AD502C778F6900E46BC2 /* StreamPixelBufferPool.swift in Sources */ = {isa = PBXBuildFile; fileRef = DDF0AD3F2C778F6800E46BC2 /* StreamPixelBufferPool.swift */; };
		DDF0AD512C778F6900E46BC2 /* StreamPictureInPictureController.swift in Sources */ = {isa = PBXBuildFile; fileRef = DDF0AD402C778F6800E46BC2 /* StreamPictureInPictureController.swift */; };
		DDF0AD522C778F6900E46BC2 /* StreamPixelBufferRepository.swift in Sources */ = {isa = PBXBuildFile; fileRef = DDF0AD412C778F6800E46BC2 /* StreamPixelBufferRepository.swift */; };
		DDF0AD532C778F6900E46BC2 /* StreamBufferTransformer.swift in Sources */ = {isa = PBXBuildFile; fileRef = DDF0AD422C778F6800E46BC2 /* StreamBufferTransformer.swift */; };
		DDF0AD542C778F6900E46BC2 /* StreamAVPictureInPictureVideoCallViewController.swift in Sources */ = {isa = PBXBuildFile; fileRef = DDF0AD432C778F6800E46BC2 /* StreamAVPictureInPictureVideoCallViewController.swift */; };
		DDF0AD552C778F6900E46BC2 /* StreamPictureInPictureVideoRenderer.swift in Sources */ = {isa = PBXBuildFile; fileRef = DDF0AD442C778F6800E46BC2 /* StreamPictureInPictureVideoRenderer.swift */; };
		DDF0AD562C778F6900E46BC2 /* StreamPictureInPictureFixedWindowSizePolicy.swift in Sources */ = {isa = PBXBuildFile; fileRef = DDF0AD462C778F6800E46BC2 /* StreamPictureInPictureFixedWindowSizePolicy.swift */; };
		DDF0AD572C778F6900E46BC2 /* StreamPictureInPictureAdaptiveWindowSizePolicy.swift in Sources */ = {isa = PBXBuildFile; fileRef = DDF0AD472C778F6800E46BC2 /* StreamPictureInPictureAdaptiveWindowSizePolicy.swift */; };
		DDF0AD582C778F6900E46BC2 /* StreamPictureInPictureWindowSizePolicy.swift in Sources */ = {isa = PBXBuildFile; fileRef = DDF0AD482C778F6800E46BC2 /* StreamPictureInPictureWindowSizePolicy.swift */; };
		DDF0AD592C778F6900E46BC2 /* StreamRTCYUVBuffer.swift in Sources */ = {isa = PBXBuildFile; fileRef = DDF0AD492C778F6800E46BC2 /* StreamRTCYUVBuffer.swift */; };
		DDF0AD5A2C778F6900E46BC2 /* YpCbCrPixelRange+Default.swift in Sources */ = {isa = PBXBuildFile; fileRef = DDF0AD4A2C778F6800E46BC2 /* YpCbCrPixelRange+Default.swift */; };
		DDF0AD5B2C778F6900E46BC2 /* StreamYUVToARGBConversion.swift in Sources */ = {isa = PBXBuildFile; fileRef = DDF0AD4B2C778F6800E46BC2 /* StreamYUVToARGBConversion.swift */; };
		DDF0AD5C2C778F6900E46BC2 /* StreamPictureInPictureTrackStateAdapter.swift in Sources */ = {isa = PBXBuildFile; fileRef = DDF0AD4C2C778F6800E46BC2 /* StreamPictureInPictureTrackStateAdapter.swift */; };
		DDF0AD5D2C778F6900E46BC2 /* SampleBufferVideoCallView.swift in Sources */ = {isa = PBXBuildFile; fileRef = DDF0AD4D2C778F6800E46BC2 /* SampleBufferVideoCallView.swift */; };
		DDF0AD5E2C778F6900E46BC2 /* RTCViewPipManager.swift in Sources */ = {isa = PBXBuildFile; fileRef = DDF0AD4E2C778F6900E46BC2 /* RTCViewPipManager.swift */; };
		DDF0AD612C778F7D00E46BC2 /* RTCViewPipManager.mm in Sources */ = {isa = PBXBuildFile; fileRef = DDF0AD602C778F7C00E46BC2 /* RTCViewPipManager.mm */; };
/* End PBXBuildFile section */

/* Begin PBXCopyFilesBuildPhase section */
		58B511D91A9E6C8500147676 /* CopyFiles */ = {
			isa = PBXCopyFilesBuildPhase;
			buildActionMask = 2147483647;
			dstPath = "include/$(PRODUCT_NAME)";
			dstSubfolderSpec = 16;
			files = (
			);
			runOnlyForDeploymentPostprocessing = 0;
		};
/* End PBXCopyFilesBuildPhase section */

/* Begin PBXFileReference section */
		134814201AA4EA6300B7C361 /* libStreamVideoReactNative.a */ = {isa = PBXFileReference; explicitFileType = archive.ar; includeInIndex = 0; path = libStreamVideoReactNative.a; sourceTree = BUILT_PRODUCTS_DIR; };
		B3E7B5891CC2AC0600A0062D /* StreamVideoReactNative.m */ = {isa = PBXFileReference; fileEncoding = 4; lastKnownFileType = sourcecode.c.objc; path = StreamVideoReactNative.m; sourceTree = "<group>"; };
		D7A6507C28C3C54500AC4DB2 /* StreamVideoReactNative.h */ = {isa = PBXFileReference; lastKnownFileType = sourcecode.c.h; path = StreamVideoReactNative.h; sourceTree = "<group>"; };
		DDF0AD3D2C778F6800E46BC2 /* RTCViewPip.swift */ = {isa = PBXFileReference; fileEncoding = 4; lastKnownFileType = sourcecode.swift; path = RTCViewPip.swift; sourceTree = "<group>"; };
		DDF0AD3F2C778F6800E46BC2 /* StreamPixelBufferPool.swift */ = {isa = PBXFileReference; fileEncoding = 4; lastKnownFileType = sourcecode.swift; path = StreamPixelBufferPool.swift; sourceTree = "<group>"; };
		DDF0AD402C778F6800E46BC2 /* StreamPictureInPictureController.swift */ = {isa = PBXFileReference; fileEncoding = 4; lastKnownFileType = sourcecode.swift; path = StreamPictureInPictureController.swift; sourceTree = "<group>"; };
		DDF0AD412C778F6800E46BC2 /* StreamPixelBufferRepository.swift */ = {isa = PBXFileReference; fileEncoding = 4; lastKnownFileType = sourcecode.swift; path = StreamPixelBufferRepository.swift; sourceTree = "<group>"; };
		DDF0AD422C778F6800E46BC2 /* StreamBufferTransformer.swift */ = {isa = PBXFileReference; fileEncoding = 4; lastKnownFileType = sourcecode.swift; path = StreamBufferTransformer.swift; sourceTree = "<group>"; };
		DDF0AD432C778F6800E46BC2 /* StreamAVPictureInPictureVideoCallViewController.swift */ = {isa = PBXFileReference; fileEncoding = 4; lastKnownFileType = sourcecode.swift; path = StreamAVPictureInPictureVideoCallViewController.swift; sourceTree = "<group>"; };
		DDF0AD442C778F6800E46BC2 /* StreamPictureInPictureVideoRenderer.swift */ = {isa = PBXFileReference; fileEncoding = 4; lastKnownFileType = sourcecode.swift; path = StreamPictureInPictureVideoRenderer.swift; sourceTree = "<group>"; };
		DDF0AD462C778F6800E46BC2 /* StreamPictureInPictureFixedWindowSizePolicy.swift */ = {isa = PBXFileReference; fileEncoding = 4; lastKnownFileType = sourcecode.swift; path = StreamPictureInPictureFixedWindowSizePolicy.swift; sourceTree = "<group>"; };
		DDF0AD472C778F6800E46BC2 /* StreamPictureInPictureAdaptiveWindowSizePolicy.swift */ = {isa = PBXFileReference; fileEncoding = 4; lastKnownFileType = sourcecode.swift; path = StreamPictureInPictureAdaptiveWindowSizePolicy.swift; sourceTree = "<group>"; };
		DDF0AD482C778F6800E46BC2 /* StreamPictureInPictureWindowSizePolicy.swift */ = {isa = PBXFileReference; fileEncoding = 4; lastKnownFileType = sourcecode.swift; path = StreamPictureInPictureWindowSizePolicy.swift; sourceTree = "<group>"; };
		DDF0AD492C778F6800E46BC2 /* StreamRTCYUVBuffer.swift */ = {isa = PBXFileReference; fileEncoding = 4; lastKnownFileType = sourcecode.swift; path = StreamRTCYUVBuffer.swift; sourceTree = "<group>"; };
		DDF0AD4A2C778F6800E46BC2 /* YpCbCrPixelRange+Default.swift */ = {isa = PBXFileReference; fileEncoding = 4; lastKnownFileType = sourcecode.swift; path = "YpCbCrPixelRange+Default.swift"; sourceTree = "<group>"; };
		DDF0AD4B2C778F6800E46BC2 /* StreamYUVToARGBConversion.swift */ = {isa = PBXFileReference; fileEncoding = 4; lastKnownFileType = sourcecode.swift; path = StreamYUVToARGBConversion.swift; sourceTree = "<group>"; };
		DDF0AD4C2C778F6800E46BC2 /* StreamPictureInPictureTrackStateAdapter.swift */ = {isa = PBXFileReference; fileEncoding = 4; lastKnownFileType = sourcecode.swift; path = StreamPictureInPictureTrackStateAdapter.swift; sourceTree = "<group>"; };
		DDF0AD4D2C778F6800E46BC2 /* SampleBufferVideoCallView.swift */ = {isa = PBXFileReference; fileEncoding = 4; lastKnownFileType = sourcecode.swift; path = SampleBufferVideoCallView.swift; sourceTree = "<group>"; };
		DDF0AD4E2C778F6900E46BC2 /* RTCViewPipManager.swift */ = {isa = PBXFileReference; fileEncoding = 4; lastKnownFileType = sourcecode.swift; path = RTCViewPipManager.swift; sourceTree = "<group>"; };
		DDF0AD602C778F7C00E46BC2 /* RTCViewPipManager.mm */ = {isa = PBXFileReference; fileEncoding = 4; lastKnownFileType = sourcecode.cpp.objcpp; path = RTCViewPipManager.mm; sourceTree = "<group>"; };
		F4FF95D5245B92E700C19C63 /* StreamVideoReactNative-Bridging-Header.h */ = {isa = PBXFileReference; lastKnownFileType = sourcecode.c.h; path = "StreamVideoReactNative-Bridging-Header.h"; sourceTree = "<group>"; };
/* End PBXFileReference section */

/* Begin PBXFrameworksBuildPhase section */
		58B511D81A9E6C8500147676 /* Frameworks */ = {
			isa = PBXFrameworksBuildPhase;
			buildActionMask = 2147483647;
			files = (
			);
			runOnlyForDeploymentPostprocessing = 0;
		};
/* End PBXFrameworksBuildPhase section */

/* Begin PBXGroup section */
		134814211AA4EA7D00B7C361 /* Products */ = {
			isa = PBXGroup;
			children = (
				134814201AA4EA6300B7C361 /* libStreamVideoReactNative.a */,
			);
			name = Products;
			sourceTree = "<group>";
		};
		58B511D21A9E6C8500147676 = {
			isa = PBXGroup;
			children = (
				DDF0AD602C778F7C00E46BC2 /* RTCViewPipManager.mm */,
				DDF0AD3E2C778F6800E46BC2 /* PictureInPicture */,
				DDF0AD3D2C778F6800E46BC2 /* RTCViewPip.swift */,
				DDF0AD4E2C778F6900E46BC2 /* RTCViewPipManager.swift */,
				B3E7B5891CC2AC0600A0062D /* StreamVideoReactNative.m */,
				D7A6507C28C3C54500AC4DB2 /* StreamVideoReactNative.h */,
				F4FF95D5245B92E700C19C63 /* StreamVideoReactNative-Bridging-Header.h */,
				134814211AA4EA7D00B7C361 /* Products */,
			);
			sourceTree = "<group>";
		};
		DDF0AD3E2C778F6800E46BC2 /* PictureInPicture */ = {
			isa = PBXGroup;
			children = (
				DDF0AD3F2C778F6800E46BC2 /* StreamPixelBufferPool.swift */,
				DDF0AD402C778F6800E46BC2 /* StreamPictureInPictureController.swift */,
				DDF0AD412C778F6800E46BC2 /* StreamPixelBufferRepository.swift */,
				DDF0AD422C778F6800E46BC2 /* StreamBufferTransformer.swift */,
				DDF0AD432C778F6800E46BC2 /* StreamAVPictureInPictureVideoCallViewController.swift */,
				DDF0AD442C778F6800E46BC2 /* StreamPictureInPictureVideoRenderer.swift */,
				DDF0AD452C778F6800E46BC2 /* WindowSizePolicy */,
				DDF0AD492C778F6800E46BC2 /* StreamRTCYUVBuffer.swift */,
				DDF0AD4A2C778F6800E46BC2 /* YpCbCrPixelRange+Default.swift */,
				DDF0AD4B2C778F6800E46BC2 /* StreamYUVToARGBConversion.swift */,
				DDF0AD4C2C778F6800E46BC2 /* StreamPictureInPictureTrackStateAdapter.swift */,
				DDF0AD4D2C778F6800E46BC2 /* SampleBufferVideoCallView.swift */,
			);
			path = PictureInPicture;
			sourceTree = "<group>";
		};
		DDF0AD452C778F6800E46BC2 /* WindowSizePolicy */ = {
			isa = PBXGroup;
			children = (
				DDF0AD462C778F6800E46BC2 /* StreamPictureInPictureFixedWindowSizePolicy.swift */,
				DDF0AD472C778F6800E46BC2 /* StreamPictureInPictureAdaptiveWindowSizePolicy.swift */,
				DDF0AD482C778F6800E46BC2 /* StreamPictureInPictureWindowSizePolicy.swift */,
			);
			path = WindowSizePolicy;
			sourceTree = "<group>";
		};
/* End PBXGroup section */

/* Begin PBXNativeTarget section */
		58B511DA1A9E6C8500147676 /* StreamVideoReactNative */ = {
			isa = PBXNativeTarget;
			buildConfigurationList = 58B511EF1A9E6C8500147676 /* Build configuration list for PBXNativeTarget "StreamVideoReactNative" */;
			buildPhases = (
				58B511D71A9E6C8500147676 /* Sources */,
				58B511D81A9E6C8500147676 /* Frameworks */,
				58B511D91A9E6C8500147676 /* CopyFiles */,
			);
			buildRules = (
			);
			dependencies = (
			);
			name = StreamVideoReactNative;
			productName = RCTDataManager;
			productReference = 134814201AA4EA6300B7C361 /* libStreamVideoReactNative.a */;
			productType = "com.apple.product-type.library.static";
		};
/* End PBXNativeTarget section */

/* Begin PBXProject section */
		58B511D31A9E6C8500147676 /* Project object */ = {
			isa = PBXProject;
			attributes = {
				LastUpgradeCheck = 0920;
				ORGANIZATIONNAME = Facebook;
				TargetAttributes = {
					58B511DA1A9E6C8500147676 = {
						CreatedOnToolsVersion = 6.1.1;
					};
				};
			};
			buildConfigurationList = 58B511D61A9E6C8500147676 /* Build configuration list for PBXProject "StreamVideoReactNative" */;
			compatibilityVersion = "Xcode 3.2";
			developmentRegion = English;
			hasScannedForEncodings = 0;
			knownRegions = (
				English,
				en,
			);
			mainGroup = 58B511D21A9E6C8500147676;
			productRefGroup = 58B511D21A9E6C8500147676;
			projectDirPath = "";
			projectRoot = "";
			targets = (
				58B511DA1A9E6C8500147676 /* StreamVideoReactNative */,
			);
		};
/* End PBXProject section */

/* Begin PBXSourcesBuildPhase section */
		58B511D71A9E6C8500147676 /* Sources */ = {
			isa = PBXSourcesBuildPhase;
			buildActionMask = 2147483647;
			files = (
				DDF0AD542C778F6900E46BC2 /* StreamAVPictureInPictureVideoCallViewController.swift in Sources */,
				DDF0AD572C778F6900E46BC2 /* StreamPictureInPictureAdaptiveWindowSizePolicy.swift in Sources */,
				DDF0AD5C2C778F6900E46BC2 /* StreamPictureInPictureTrackStateAdapter.swift in Sources */,
				DDF0AD5D2C778F6900E46BC2 /* SampleBufferVideoCallView.swift in Sources */,
				DDF0AD522C778F6900E46BC2 /* StreamPixelBufferRepository.swift in Sources */,
				DDF0AD562C778F6900E46BC2 /* StreamPictureInPictureFixedWindowSizePolicy.swift in Sources */,
				DDF0AD502C778F6900E46BC2 /* StreamPixelBufferPool.swift in Sources */,
				DDF0AD4F2C778F6900E46BC2 /* RTCViewPip.swift in Sources */,
				DDF0AD532C778F6900E46BC2 /* StreamBufferTransformer.swift in Sources */,
				DDF0AD5A2C778F6900E46BC2 /* YpCbCrPixelRange+Default.swift in Sources */,
				DDF0AD5E2C778F6900E46BC2 /* RTCViewPipManager.swift in Sources */,
				DDF0AD582C778F6900E46BC2 /* StreamPictureInPictureWindowSizePolicy.swift in Sources */,
				DDF0AD552C778F6900E46BC2 /* StreamPictureInPictureVideoRenderer.swift in Sources */,
				DDF0AD5B2C778F6900E46BC2 /* StreamYUVToARGBConversion.swift in Sources */,
				DDF0AD512C778F6900E46BC2 /* StreamPictureInPictureController.swift in Sources */,
				DDF0AD612C778F7D00E46BC2 /* RTCViewPipManager.mm in Sources */,
				DDF0AD592C778F6900E46BC2 /* StreamRTCYUVBuffer.swift in Sources */,
			);
			runOnlyForDeploymentPostprocessing = 0;
		};
/* End PBXSourcesBuildPhase section */

/* Begin XCBuildConfiguration section */
		58B511ED1A9E6C8500147676 /* Debug */ = {
			isa = XCBuildConfiguration;
			buildSettings = {
				ALWAYS_SEARCH_USER_PATHS = NO;
				CLANG_CXX_LANGUAGE_STANDARD = "gnu++0x";
				CLANG_CXX_LIBRARY = "libc++";
				CLANG_ENABLE_MODULES = YES;
				CLANG_ENABLE_OBJC_ARC = YES;
				CLANG_WARN_BLOCK_CAPTURE_AUTORELEASING = YES;
				CLANG_WARN_BOOL_CONVERSION = YES;
				CLANG_WARN_COMMA = YES;
				CLANG_WARN_CONSTANT_CONVERSION = YES;
				CLANG_WARN_DIRECT_OBJC_ISA_USAGE = YES_ERROR;
				CLANG_WARN_EMPTY_BODY = YES;
				CLANG_WARN_ENUM_CONVERSION = YES;
				CLANG_WARN_INFINITE_RECURSION = YES;
				CLANG_WARN_INT_CONVERSION = YES;
				CLANG_WARN_NON_LITERAL_NULL_CONVERSION = YES;
				CLANG_WARN_OBJC_LITERAL_CONVERSION = YES;
				CLANG_WARN_OBJC_ROOT_CLASS = YES_ERROR;
				CLANG_WARN_RANGE_LOOP_ANALYSIS = YES;
				CLANG_WARN_STRICT_PROTOTYPES = YES;
				CLANG_WARN_SUSPICIOUS_MOVE = YES;
				CLANG_WARN_UNREACHABLE_CODE = YES;
				CLANG_WARN__DUPLICATE_METHOD_MATCH = YES;
				COPY_PHASE_STRIP = NO;
				ENABLE_STRICT_OBJC_MSGSEND = YES;
				ENABLE_TESTABILITY = YES;
				GCC_C_LANGUAGE_STANDARD = gnu99;
				GCC_DYNAMIC_NO_PIC = NO;
				GCC_NO_COMMON_BLOCKS = YES;
				GCC_OPTIMIZATION_LEVEL = 0;
				GCC_PREPROCESSOR_DEFINITIONS = (
					"DEBUG=1",
					"$(inherited)",
				);
				GCC_SYMBOLS_PRIVATE_EXTERN = NO;
				GCC_WARN_64_TO_32_BIT_CONVERSION = YES;
				GCC_WARN_ABOUT_RETURN_TYPE = YES_ERROR;
				GCC_WARN_UNDECLARED_SELECTOR = YES;
				GCC_WARN_UNINITIALIZED_AUTOS = YES_AGGRESSIVE;
				GCC_WARN_UNUSED_FUNCTION = YES;
				GCC_WARN_UNUSED_VARIABLE = YES;
				IPHONEOS_DEPLOYMENT_TARGET = 12.0;
				MTL_ENABLE_DEBUG_INFO = YES;
				ONLY_ACTIVE_ARCH = YES;
				SDKROOT = iphoneos;
			};
			name = Debug;
		};
		58B511EE1A9E6C8500147676 /* Release */ = {
			isa = XCBuildConfiguration;
			buildSettings = {
				ALWAYS_SEARCH_USER_PATHS = NO;
				CLANG_CXX_LANGUAGE_STANDARD = "gnu++0x";
				CLANG_CXX_LIBRARY = "libc++";
				CLANG_ENABLE_MODULES = YES;
				CLANG_ENABLE_OBJC_ARC = YES;
				CLANG_WARN_BLOCK_CAPTURE_AUTORELEASING = YES;
				CLANG_WARN_BOOL_CONVERSION = YES;
				CLANG_WARN_COMMA = YES;
				CLANG_WARN_CONSTANT_CONVERSION = YES;
				CLANG_WARN_DIRECT_OBJC_ISA_USAGE = YES_ERROR;
				CLANG_WARN_EMPTY_BODY = YES;
				CLANG_WARN_ENUM_CONVERSION = YES;
				CLANG_WARN_INFINITE_RECURSION = YES;
				CLANG_WARN_INT_CONVERSION = YES;
				CLANG_WARN_NON_LITERAL_NULL_CONVERSION = YES;
				CLANG_WARN_OBJC_LITERAL_CONVERSION = YES;
				CLANG_WARN_OBJC_ROOT_CLASS = YES_ERROR;
				CLANG_WARN_RANGE_LOOP_ANALYSIS = YES;
				CLANG_WARN_STRICT_PROTOTYPES = YES;
				CLANG_WARN_SUSPICIOUS_MOVE = YES;
				CLANG_WARN_UNREACHABLE_CODE = YES;
				CLANG_WARN__DUPLICATE_METHOD_MATCH = YES;
				COPY_PHASE_STRIP = YES;
				ENABLE_NS_ASSERTIONS = NO;
				ENABLE_STRICT_OBJC_MSGSEND = YES;
				GCC_C_LANGUAGE_STANDARD = gnu99;
				GCC_NO_COMMON_BLOCKS = YES;
				GCC_WARN_64_TO_32_BIT_CONVERSION = YES;
				GCC_WARN_ABOUT_RETURN_TYPE = YES_ERROR;
				GCC_WARN_UNDECLARED_SELECTOR = YES;
				GCC_WARN_UNINITIALIZED_AUTOS = YES_AGGRESSIVE;
				GCC_WARN_UNUSED_FUNCTION = YES;
				GCC_WARN_UNUSED_VARIABLE = YES;
				IPHONEOS_DEPLOYMENT_TARGET = 12.0;
				MTL_ENABLE_DEBUG_INFO = NO;
				SDKROOT = iphoneos;
				VALIDATE_PRODUCT = YES;
			};
			name = Release;
		};
		58B511F01A9E6C8500147676 /* Debug */ = {
			isa = XCBuildConfiguration;
			buildSettings = {
				HEADER_SEARCH_PATHS = (
					"$(inherited)",
					/Applications/Xcode.app/Contents/Developer/Toolchains/XcodeDefault.xctoolchain/usr/include,
					"$(SRCROOT)/../../../React/**",
					"$(SRCROOT)/../../react-native/React/**",
				);
				LIBRARY_SEARCH_PATHS = "$(inherited)";
				OTHER_LDFLAGS = "-ObjC";
				PRODUCT_NAME = StreamVideoReactNative;
				SKIP_INSTALL = YES;
				SWIFT_OBJC_BRIDGING_HEADER = "StreamVideoReactNative-Bridging-Header.h";
				SWIFT_OPTIMIZATION_LEVEL = "-Onone";
				SWIFT_VERSION = 5.0;
			};
			name = Debug;
		};
		58B511F11A9E6C8500147676 /* Release */ = {
			isa = XCBuildConfiguration;
			buildSettings = {
				HEADER_SEARCH_PATHS = (
					"$(inherited)",
					/Applications/Xcode.app/Contents/Developer/Toolchains/XcodeDefault.xctoolchain/usr/include,
					"$(SRCROOT)/../../../React/**",
					"$(SRCROOT)/../../react-native/React/**",
				);
				LIBRARY_SEARCH_PATHS = "$(inherited)";
				OTHER_LDFLAGS = "-ObjC";
				PRODUCT_NAME = StreamVideoReactNative;
				SKIP_INSTALL = YES;
				SWIFT_OBJC_BRIDGING_HEADER = "StreamVideoReactNative-Bridging-Header.h";
				SWIFT_VERSION = 5.0;
			};
			name = Release;
		};
/* End XCBuildConfiguration section */

/* Begin XCConfigurationList section */
		58B511D61A9E6C8500147676 /* Build configuration list for PBXProject "StreamVideoReactNative" */ = {
			isa = XCConfigurationList;
			buildConfigurations = (
				58B511ED1A9E6C8500147676 /* Debug */,
				58B511EE1A9E6C8500147676 /* Release */,
			);
			defaultConfigurationIsVisible = 0;
			defaultConfigurationName = Release;
		};
		58B511EF1A9E6C8500147676 /* Build configuration list for PBXNativeTarget "StreamVideoReactNative" */ = {
			isa = XCConfigurationList;
			buildConfigurations = (
				58B511F01A9E6C8500147676 /* Debug */,
				58B511F11A9E6C8500147676 /* Release */,
			);
			defaultConfigurationIsVisible = 0;
			defaultConfigurationName = Release;
		};
/* End XCConfigurationList section */
	};
	rootObject = 58B511D31A9E6C8500147676 /* Project object */;
}
